{
  "name": "ps_voting",
  "version": "1.0.0",
  "lockfileVersion": 3,
  "requires": true,
  "packages": {
    "": {
      "name": "ps_voting",
      "version": "1.0.0",
      "license": "ISC",
      "dependencies": {
        "@aboutcircles/miniapp-sdk": "^0.1.24"
      }
    },
    "node_modules/@aboutcircles/miniapp-sdk": {
      "version": "0.1.24",
      "resolved": "https://registry.npmjs.org/@aboutcircles/miniapp-sdk/-/miniapp-sdk-0.1.24.tgz",
      "integrity": "sha512-OrYLRuU1B71EDVz8WXSNSCMmYydjOTWFO5sC5nU2SVagjccZJXELAmztiDxZimMz0MPcCmiSz3FPaVx5h/JtzA==",
      "license": "MIT"
    }
  }
}
